
Microsoft Visual Studio Solution File, Format Version 12.00
# Visual Studio Version 16
VisualStudioVersion = 16.0.30406.217
MinimumVisualStudioVersion = 10.0.40219.1
Project("{FAE04EC0-301F-11D3-BF4B-00C04F79EFBC}") = "AppGallery.UWP", "AppGallery\AppGallery.UWP\AppGallery.UWP.csproj", "{72C507E7-CDB2-4CD5-BF1B-88C9A56388C5}"
EndProject
Project("{FAE04EC0-301F-11D3-BF4B-00C04F79EFBC}") = "AppGallery.Android", "AppGallery\AppGallery.Android\AppGallery.Android.csproj", "{086B8389-DFDA-44D5-94D1-C399383ECA51}"
EndProject
Project("{FAE04EC0-301F-11D3-BF4B-00C04F79EFBC}") = "AppGallery", "AppGallery\AppGallery\AppGallery.csproj", "{1419366E-A9B5-4995-B87D-9581E4355773}"
EndProject
Global
	GlobalSection(SolutionConfigurationPlatforms) = preSolution
		Debug|Any CPU = Debug|Any CPU
		Debug|ARM = Debug|ARM
		Debug|x64 = Debug|x64
		Debug|x86 = Debug|x86
		Release|Any CPU = Release|Any CPU
		Release|ARM = Release|ARM
		Release|x64 = Release|x64
		Release|x86 = Release|x86
	EndGlobalSection
	GlobalSection(ProjectConfigurationPlatforms) = postSolution
		{72C507E7-CDB2-4CD5-BF1B-88C9A56388C5}.Debug|Any CPU.ActiveCfg = Debug|x86
		{72C507E7-CDB2-4CD5-BF1B-88C9A56388C5}.Debug|Any CPU.Build.0 = Debug|x86
		{72C507E7-CDB2-4CD5-BF1B-88C9A56388C5}.Debug|Any CPU.Deploy.0 = Debug|x86
		{72C507E7-CDB2-4CD5-BF1B-88C9A56388C5}.Debug|ARM.ActiveCfg = Debug|ARM
		{72C507E7-CDB2-4CD5-BF1B-88C9A56388C5}.Debug|ARM.Build.0 = Debug|ARM
		{72C507E7-CDB2-4CD5-BF1B-88C9A56388C5}.Debug|ARM.Deploy.0 = Debug|ARM
		{72C507E7-CDB2-4CD5-BF1B-88C9A56388C5}.Debug|x64.ActiveCfg = Debug|x64
		{72C507E7-CDB2-4CD5-BF1B-88C9A56388C5}.Debug|x64.Build.0 = Debug|x64
		{72C507E7-CDB2-4CD5-BF1B-88C9A56388C5}.Debug|x64.Deploy.0 = Debug|x64
		{72C507E7-CDB2-4CD5-BF1B-88C9A56388C5}.Debug|x86.ActiveCfg = Debug|x86
		{72C507E7-CDB2-4CD5-BF1B-88C9A56388C5}.Debug|x86.Build.0 = Debug|x86
		{72C507E7-CDB2-4CD5-BF1B-88C9A56388C5}.Debug|x86.Deploy.0 = Debug|x86
		{72C507E7-CDB2-4CD5-BF1B-88C9A56388C5}.Release|Any CPU.ActiveCfg = Release|x86
		{72C507E7-CDB2-4CD5-BF1B-88C9A56388C5}.Release|Any CPU.Build.0 = Release|x86
		{72C507E7-CDB2-4CD5-BF1B-88C9A56388C5}.Release|Any CPU.Deploy.0 = Release|x86
		{72C507E7-CDB2-4CD5-BF1B-88C9A56388C5}.Release|ARM.ActiveCfg = Release|ARM
		{72C507E7-CDB2-4CD5-BF1B-88C9A56388C5}.Release|ARM.Build.0 = Release|ARM
		{72C507E7-CDB2-4CD5-BF1B-88C9A56388C5}.Release|ARM.Deploy.0 = Release|ARM
		{72C507E7-CDB2-4CD5-BF1B-88C9A56388C5}.Release|x64.ActiveCfg = Release|x64
		{72C507E7-CDB2-4CD5-BF1B-88C9A56388C5}.Release|x64.Build.0 = Release|x64
		{72C507E7-CDB2-4CD5-BF1B-88C9A56388C5}.Release|x64.Deploy.0 = Release|x64
		{72C507E7-CDB2-4CD5-BF1B-88C9A56388C5}.Release|x86.ActiveCfg = Release|x86
		{72C507E7-CDB2-4CD5-BF1B-88C9A56388C5}.Release|x86.Build.0 = Release|x86
		{72C507E7-CDB2-4CD5-BF1B-88C9A56388C5}.Release|x86.Deploy.0 = Release|x86
		{086B8389-DFDA-44D5-94D1-C399383ECA51}.Debug|Any CPU.ActiveCfg = Debug|Any CPU
		{086B8389-DFDA-44D5-94D1-C399383ECA51}.Debug|Any CPU.Build.0 = Debug|Any CPU
		{086B8389-DFDA-44D5-94D1-C399383ECA51}.Debug|Any CPU.Deploy.0 = Debug|Any CPU
		{086B8389-DFDA-44D5-94D1-C399383ECA51}.Debug|ARM.ActiveCfg = Debug|Any CPU
		{086B8389-DFDA-44D5-94D1-C399383ECA51}.Debug|ARM.Build.0 = Debug|Any CPU
		{086B8389-DFDA-44D5-94D1-C399383ECA51}.Debug|ARM.Deploy.0 = Debug|Any CPU
		{086B8389-DFDA-44D5-94D1-C399383ECA51}.Debug|x64.ActiveCfg = Debug|Any CPU
		{086B8389-DFDA-44D5-94D1-C399383ECA51}.Debug|x64.Build.0 = Debug|Any CPU
		{086B8389-DFDA-44D5-94D1-C399383ECA51}.Debug|x64.Deploy.0 = Debug|Any CPU
		{086B8389-DFDA-44D5-94D1-C399383ECA51}.Debug|x86.ActiveCfg = Debug|Any CPU
		{086B8389-DFDA-44D5-94D1-C399383ECA51}.Debug|x86.Build.0 = Debug|Any CPU
		{086B8389-DFDA-44D5-94D1-C399383ECA51}.Debug|x86.Deploy.0 = Debug|Any CPU
		{086B8389-DFDA-44D5-94D1-C399383ECA51}.Release|Any CPU.ActiveCfg = Release|Any CPU
		{086B8389-DFDA-44D5-94D1-C399383ECA51}.Release|Any CPU.Build.0 = Release|Any CPU
		{086B8389-DFDA-44D5-94D1-C399383ECA51}.Release|Any CPU.Deploy.0 = Release|Any CPU
		{086B8389-DFDA-44D5-94D1-C399383ECA51}.Release|ARM.ActiveCfg = Release|Any CPU
		{086B8389-DFDA-44D5-94D1-C399383ECA51}.Release|ARM.Build.0 = Release|Any CPU
		{086B8389-DFDA-44D5-94D1-C399383ECA51}.Release|ARM.Deploy.0 = Release|Any CPU
		{086B8389-DFDA-44D5-94D1-C399383ECA51}.Release|x64.ActiveCfg = Release|Any CPU
		{086B8389-DFDA-44D5-94D1-C399383ECA51}.Release|x64.Build.0 = Release|Any CPU
		{086B8389-DFDA-44D5-94D1-C399383ECA51}.Release|x64.Deploy.0 = Release|Any CPU
		{086B8389-DFDA-44D5-94D1-C399383ECA51}.Release|x86.ActiveCfg = Release|Any CPU
		{086B8389-DFDA-44D5-94D1-C399383ECA51}.Release|x86.Build.0 = Release|Any CPU
		{086B8389-DFDA-44D5-94D1-C399383ECA51}.Release|x86.Deploy.0 = Release|Any CPU
		{1419366E-A9B5-4995-B87D-9581E4355773}.Debug|Any CPU.ActiveCfg = Debug|Any CPU
		{1419366E-A9B5-4995-B87D-9581E4355773}.Debug|Any CPU.Build.0 = Debug|Any CPU
		{1419366E-A9B5-4995-B87D-9581E4355773}.Debug|Any CPU.Deploy.0 = Debug|Any CPU
		{1419366E-A9B5-4995-B87D-9581E4355773}.Debug|ARM.ActiveCfg = Debug|Any CPU
		{1419366E-A9B5-4995-B87D-9581E4355773}.Debug|ARM.Build.0 = Debug|Any CPU
		{1419366E-A9B5-4995-B87D-9581E4355773}.Debug|ARM.Deploy.0 = Debug|Any CPU
		{1419366E-A9B5-4995-B87D-9581E4355773}.Debug|x64.ActiveCfg = Debug|Any CPU
		{1419366E-A9B5-4995-B87D-9581E4355773}.Debug|x64.Build.0 = Debug|Any CPU
		{1419366E-A9B5-4995-B87D-9581E4355773}.Debug|x64.Deploy.0 = Debug|Any CPU
		{1419366E-A9B5-4995-B87D-9581E4355773}.Debug|x86.ActiveCfg = Debug|Any CPU
		{1419366E-A9B5-4995-B87D-9581E4355773}.Debug|x86.Build.0 = Debug|Any CPU
		{1419366E-A9B5-4995-B87D-9581E4355773}.Debug|x86.Deploy.0 = Debug|Any CPU
		{1419366E-A9B5-4995-B87D-9581E4355773}.Release|Any CPU.ActiveCfg = Release|Any CPU
		{1419366E-A9B5-4995-B87D-9581E4355773}.Release|Any CPU.Build.0 = Release|Any CPU
		{1419366E-A9B5-4995-B87D-9581E4355773}.Release|Any CPU.Deploy.0 = Release|Any CPU
		{1419366E-A9B5-4995-B87D-9581E4355773}.Release|ARM.ActiveCfg = Release|Any CPU
		{1419366E-A9B5-4995-B87D-9581E4355773}.Release|ARM.Build.0 = Release|Any CPU
		{1419366E-A9B5-4995-B87D-9581E4355773}.Release|ARM.Deploy.0 = Release|Any CPU
		{1419366E-A9B5-4995-B87D-9581E4355773}.Release|x64.ActiveCfg = Release|Any CPU
		{1419366E-A9B5-4995-B87D-9581E4355773}.Release|x64.Build.0 = Release|Any CPU
		{1419366E-A9B5-4995-B87D-9581E4355773}.Release|x64.Deploy.0 = Release|Any CPU
		{1419366E-A9B5-4995-B87D-9581E4355773}.Release|x86.ActiveCfg = Release|Any CPU
		{1419366E-A9B5-4995-B87D-9581E4355773}.Release|x86.Build.0 = Release|Any CPU
		{1419366E-A9B5-4995-B87D-9581E4355773}.Release|x86.Deploy.0 = Release|Any CPU
	EndGlobalSection
	GlobalSection(SolutionProperties) = preSolution
		HideSolutionNode = FALSE
	EndGlobalSection
	GlobalSection(ExtensibilityGlobals) = postSolution
		SolutionGuid = {AF5CBCE0-E5A9-4213-96B1-C2F9C704B3BE}
	EndGlobalSection
EndGlobal
